
Microsoft Visual Studio Solution File, Format Version 12.00
# Visual Studio Version 16
VisualStudioVersion = 16.0.31515.178
MinimumVisualStudioVersion = 10.0.40219.1
Project("{FAE04EC0-301F-11D3-BF4B-00C04F79EFBC}") = "WebAPI", "WebAPI", "{B3464AC1-105D-4C41-A02E-66307EAE7E6F}"
EndProject
Project("{2150E333-8FDC-42A3-9474-1A3956D46DE8}") = "BLL", "BLL", "{4D7916CD-7EEA-4076-8272-CB1AA3D78609}"
EndProject
Project("{2150E333-8FDC-42A3-9474-1A3956D46DE8}") = "DAL", "DAL", "{6A3F37C4-1D56-486C-801B-B4F736E0290B}"
EndProject
Project("{2150E333-8FDC-42A3-9474-1A3956D46DE8}") = "Models", "Models", "{0999DDC9-50DD-45FD-A2E4-06CBB24162FF}"
EndProject
Project("{2150E333-8FDC-42A3-9474-1A3956D46DE8}") = "PL", "PL\WebAPI.csproj", "{B2829E96-9CAB-4964-A79A-EE94A829E2BD}"
EndProject
Project("{FAE04EC0-301F-11D3-BF4B-00C04F79EFBC}") = "Models", "Models\Models.csproj", "{FA0105B3-DF4B-4D3C-84AC-311584E84E74}"
EndProject
Project("{FAE04EC0-301F-11D3-BF4B-00C04F79EFBC}") = "Business", "BLL\Business.csproj", "{A5E85F1C-3956-4EE4-8977-2FC0DE8CB179}"
EndProject
Project("{FAE04EC0-301F-11D3-BF4B-00C04F79EFBC}") = "Data", "DAL\Data.csproj", "{C5AB8853-A1D9-47EC-87E1-A711F1AE93B2}"
EndProject
Global
	GlobalSection(SolutionConfigurationPlatforms) = preSolution
		Debug|Any CPU = Debug|Any CPU
		Release|Any CPU = Release|Any CPU
	EndGlobalSection
	GlobalSection(ProjectConfigurationPlatforms) = postSolution
		{B3464AC1-105D-4C41-A02E-66307EAE7E6F}.Debug|Any CPU.ActiveCfg = Debug|Any CPU
		{B3464AC1-105D-4C41-A02E-66307EAE7E6F}.Debug|Any CPU.Build.0 = Debug|Any CPU
		{B3464AC1-105D-4C41-A02E-66307EAE7E6F}.Release|Any CPU.ActiveCfg = Release|Any CPU
		{B3464AC1-105D-4C41-A02E-66307EAE7E6F}.Release|Any CPU.Build.0 = Release|Any CPU
		{FA0105B3-DF4B-4D3C-84AC-311584E84E74}.Debug|Any CPU.ActiveCfg = Debug|Any CPU
		{FA0105B3-DF4B-4D3C-84AC-311584E84E74}.Debug|Any CPU.Build.0 = Debug|Any CPU
		{FA0105B3-DF4B-4D3C-84AC-311584E84E74}.Release|Any CPU.ActiveCfg = Release|Any CPU
		{FA0105B3-DF4B-4D3C-84AC-311584E84E74}.Release|Any CPU.Build.0 = Release|Any CPU
		{A5E85F1C-3956-4EE4-8977-2FC0DE8CB179}.Debug|Any CPU.ActiveCfg = Debug|Any CPU
		{A5E85F1C-3956-4EE4-8977-2FC0DE8CB179}.Debug|Any CPU.Build.0 = Debug|Any CPU
		{A5E85F1C-3956-4EE4-8977-2FC0DE8CB179}.Release|Any CPU.ActiveCfg = Release|Any CPU
		{A5E85F1C-3956-4EE4-8977-2FC0DE8CB179}.Release|Any CPU.Build.0 = Release|Any CPU
		{C5AB8853-A1D9-47EC-87E1-A711F1AE93B2}.Debug|Any CPU.ActiveCfg = Debug|Any CPU
		{C5AB8853-A1D9-47EC-87E1-A711F1AE93B2}.Debug|Any CPU.Build.0 = Debug|Any CPU
		{C5AB8853-A1D9-47EC-87E1-A711F1AE93B2}.Release|Any CPU.ActiveCfg = Release|Any CPU
		{C5AB8853-A1D9-47EC-87E1-A711F1AE93B2}.Release|Any CPU.Build.0 = Release|Any CPU
	EndGlobalSection
	GlobalSection(SolutionProperties) = preSolution
		HideSolutionNode = FALSE
	EndGlobalSection
	GlobalSection(NestedProjects) = preSolution
		{B3464AC1-105D-4C41-A02E-66307EAE7E6F} = {B2829E96-9CAB-4964-A79A-EE94A829E2BD}
		{FA0105B3-DF4B-4D3C-84AC-311584E84E74} = {0999DDC9-50DD-45FD-A2E4-06CBB24162FF}
		{A5E85F1C-3956-4EE4-8977-2FC0DE8CB179} = {4D7916CD-7EEA-4076-8272-CB1AA3D78609}
		{C5AB8853-A1D9-47EC-87E1-A711F1AE93B2} = {6A3F37C4-1D56-486C-801B-B4F736E0290B}
	EndGlobalSection
	GlobalSection(ExtensibilityGlobals) = postSolution
		SolutionGuid = {25517DEB-B3BA-4228-8334-8AFEA8BFE907}
	EndGlobalSection
EndGlobal
